// !$*UTF8*$!
{
	archiveVersion = 1;
	classes = {
	};
	objectVersion = 48;
	objects = {

/* Begin PBXBuildFile section */
		206C55C8A136D28CEF6A61BE /* Pods_Penny_Ops_2Tests.framework in Frameworks */ = {isa = PBXBuildFile; fileRef = EB280E37FD29B853CA9AEB47 /* Pods_Penny_Ops_2Tests.framework */; };
		64CEF1672C5558BE403A87A0 /* Pods_Penny_Ops_2.framework in Frameworks */ = {isa = PBXBuildFile; fileRef = 5896A9173F5E181E469DF426 /* Pods_Penny_Ops_2.framework */; };
		C451AB4A243620F2002C67F9 /* FilterPopupViewController.swift in Sources */ = {isa = PBXBuildFile; fileRef = C451AB49243620F2002C67F9 /* FilterPopupViewController.swift */; };
		C451AB4C2436ED6B002C67F9 /* NotificationNameExtension.swift in Sources */ = {isa = PBXBuildFile; fileRef = C451AB4B2436ED6B002C67F9 /* NotificationNameExtension.swift */; };
		C46B2EDE243BCDD200D7BD46 /* v19-pla-29-mockups.jpg in Resources */ = {isa = PBXBuildFile; fileRef = C46B2EDD243BCDD200D7BD46 /* v19-pla-29-mockups.jpg */; };
		C4987BC92426CF9C002262EB /* data.tsv in Resources */ = {isa = PBXBuildFile; fileRef = C4987BC82426CF9C002262EB /* data.tsv */; };
		C4987BCB2426CFC7002262EB /* Cells.swift in Sources */ = {isa = PBXBuildFile; fileRef = C4987BCA2426CFC7002262EB /* Cells.swift */; };
		C4A7B815241D653A0046AD3C /* AppDelegate.swift in Sources */ = {isa = PBXBuildFile; fileRef = C4A7B814241D653A0046AD3C /* AppDelegate.swift */; };
		C4A7B817241D653A0046AD3C /* ViewController.swift in Sources */ = {isa = PBXBuildFile; fileRef = C4A7B816241D653A0046AD3C /* ViewController.swift */; };
		C4A7B81A241D653A0046AD3C /* Main.storyboard in Resources */ = {isa = PBXBuildFile; fileRef = C4A7B818241D653A0046AD3C /* Main.storyboard */; };
		C4A7B81C241D653A0046AD3C /* Assets.xcassets in Resources */ = {isa = PBXBuildFile; fileRef = C4A7B81B241D653A0046AD3C /* Assets.xcassets */; };
		C4A7B81F241D653A0046AD3C /* LaunchScreen.storyboard in Resources */ = {isa = PBXBuildFile; fileRef = C4A7B81D241D653A0046AD3C /* LaunchScreen.storyboard */; };
		C4A7B82A241D653A0046AD3C /* Penny_Ops_2Tests.swift in Sources */ = {isa = PBXBuildFile; fileRef = C4A7B829241D653A0046AD3C /* Penny_Ops_2Tests.swift */; };
		C4A7B835241D653A0046AD3C /* Penny_Ops_2UITests.swift in Sources */ = {isa = PBXBuildFile; fileRef = C4A7B834241D653A0046AD3C /* Penny_Ops_2UITests.swift */; };
		C4A7B843241D6A640046AD3C /* FeedModel.swift in Sources */ = {isa = PBXBuildFile; fileRef = C4A7B842241D6A640046AD3C /* FeedModel.swift */; };
		C4A7B845241D6A7F0046AD3C /* StockModel.swift in Sources */ = {isa = PBXBuildFile; fileRef = C4A7B844241D6A7F0046AD3C /* StockModel.swift */; };
		C4F3879B2422D41000264454 /* SubclassUICollectionViewLayout.swift in Sources */ = {isa = PBXBuildFile; fileRef = C4F3879A2422D41000264454 /* SubclassUICollectionViewLayout.swift */; };
		E695447FA3983F9F2A31575F /* Pods_Penny_Ops_2UITests.framework in Frameworks */ = {isa = PBXBuildFile; fileRef = B4DE5328BE0D99D06E6D71FB /* Pods_Penny_Ops_2UITests.framework */; };
/* End PBXBuildFile section */

/* Begin PBXContainerItemProxy section */
		C4A7B826241D653A0046AD3C /* PBXContainerItemProxy */ = {
			isa = PBXContainerItemProxy;
			containerPortal = C4A7B809241D653A0046AD3C /* Project object */;
			proxyType = 1;
			remoteGlobalIDString = C4A7B810241D653A0046AD3C;
			remoteInfo = "Penny Ops 2";
		};
		C4A7B831241D653A0046AD3C /* PBXContainerItemProxy */ = {
			isa = PBXContainerItemProxy;
			containerPortal = C4A7B809241D653A0046AD3C /* Project object */;
			proxyType = 1;
			remoteGlobalIDString = C4A7B810241D653A0046AD3C;
			remoteInfo = "Penny Ops 2";
		};
/* End PBXContainerItemProxy section */

/* Begin PBXFileReference section */
		55180B5F6155EB745D6E0A8B /* Pods-Penny Ops 2.release.xcconfig */ = {isa = PBXFileReference; includeInIndex = 1; lastKnownFileType = text.xcconfig; name = "Pods-Penny Ops 2.release.xcconfig"; path = "Pods/Target Support Files/Pods-Penny Ops 2/Pods-Penny Ops 2.release.xcconfig"; sourceTree = "<group>"; };
		5896A9173F5E181E469DF426 /* Pods_Penny_Ops_2.framework */ = {isa = PBXFileReference; explicitFileType = wrapper.framework; includeInIndex = 0; path = Pods_Penny_Ops_2.framework; sourceTree = BUILT_PRODUCTS_DIR; };
		5DFB2C7921D60BE92BBE458A /* Pods-Penny Ops 2Tests.debug.xcconfig */ = {isa = PBXFileReference; includeInIndex = 1; lastKnownFileType = text.xcconfig; name = "Pods-Penny Ops 2Tests.debug.xcconfig"; path = "Pods/Target Support Files/Pods-Penny Ops 2Tests/Pods-Penny Ops 2Tests.debug.xcconfig"; sourceTree = "<group>"; };
		680405A6EA4376A921E39FC5 /* Pods-Penny Ops 2UITests.debug.xcconfig */ = {isa = PBXFileReference; includeInIndex = 1; lastKnownFileType = text.xcconfig; name = "Pods-Penny Ops 2UITests.debug.xcconfig"; path = "Pods/Target Support Files/Pods-Penny Ops 2UITests/Pods-Penny Ops 2UITests.debug.xcconfig"; sourceTree = "<group>"; };
		7C869CF4F065C194CD31C35A /* Pods-Penny Ops 2UITests.release.xcconfig */ = {isa = PBXFileReference; includeInIndex = 1; lastKnownFileType = text.xcconfig; name = "Pods-Penny Ops 2UITests.release.xcconfig"; path = "Pods/Target Support Files/Pods-Penny Ops 2UITests/Pods-Penny Ops 2UITests.release.xcconfig"; sourceTree = "<group>"; };
		B4DE5328BE0D99D06E6D71FB /* Pods_Penny_Ops_2UITests.framework */ = {isa = PBXFileReference; explicitFileType = wrapper.framework; includeInIndex = 0; path = Pods_Penny_Ops_2UITests.framework; sourceTree = BUILT_PRODUCTS_DIR; };
		C451AB49243620F2002C67F9 /* FilterPopupViewController.swift */ = {isa = PBXFileReference; lastKnownFileType = sourcecode.swift; path = FilterPopupViewController.swift; sourceTree = "<group>"; };
		C451AB4B2436ED6B002C67F9 /* NotificationNameExtension.swift */ = {isa = PBXFileReference; lastKnownFileType = sourcecode.swift; path = NotificationNameExtension.swift; sourceTree = "<group>"; };
		C46B2EDD243BCDD200D7BD46 /* v19-pla-29-mockups.jpg */ = {isa = PBXFileReference; lastKnownFileType = image.jpeg; path = "v19-pla-29-mockups.jpg"; sourceTree = "<group>"; };
		C4987BC82426CF9C002262EB /* data.tsv */ = {isa = PBXFileReference; fileEncoding = 4; lastKnownFileType = text; path = data.tsv; sourceTree = "<group>"; };
		C4987BCA2426CFC7002262EB /* Cells.swift */ = {isa = PBXFileReference; fileEncoding = 4; lastKnownFileType = sourcecode.swift; path = Cells.swift; sourceTree = "<group>"; };
		C4A7B811241D653A0046AD3C /* Penny Ops 2.app */ = {isa = PBXFileReference; explicitFileType = wrapper.application; includeInIndex = 0; path = "Penny Ops 2.app"; sourceTree = BUILT_PRODUCTS_DIR; };
		C4A7B814241D653A0046AD3C /* AppDelegate.swift */ = {isa = PBXFileReference; lastKnownFileType = sourcecode.swift; path = AppDelegate.swift; sourceTree = "<group>"; };
		C4A7B816241D653A0046AD3C /* ViewController.swift */ = {isa = PBXFileReference; lastKnownFileType = sourcecode.swift; path = ViewController.swift; sourceTree = "<group>"; };
		C4A7B819241D653A0046AD3C /* Base */ = {isa = PBXFileReference; lastKnownFileType = file.storyboard; name = Base; path = Base.lproj/Main.storyboard; sourceTree = "<group>"; };
		C4A7B81B241D653A0046AD3C /* Assets.xcassets */ = {isa = PBXFileReference; lastKnownFileType = folder.assetcatalog; path = Assets.xcassets; sourceTree = "<group>"; };
		C4A7B81E241D653A0046AD3C /* Base */ = {isa = PBXFileReference; lastKnownFileType = file.storyboard; name = Base; path = Base.lproj/LaunchScreen.storyboard; sourceTree = "<group>"; };
		C4A7B820241D653A0046AD3C /* Info.plist */ = {isa = PBXFileReference; lastKnownFileType = text.plist.xml; path = Info.plist; sourceTree = "<group>"; };
		C4A7B825241D653A0046AD3C /* Penny Ops 2Tests.xctest */ = {isa = PBXFileReference; explicitFileType = wrapper.cfbundle; includeInIndex = 0; path = "Penny Ops 2Tests.xctest"; sourceTree = BUILT_PRODUCTS_DIR; };
		C4A7B829241D653A0046AD3C /* Penny_Ops_2Tests.swift */ = {isa = PBXFileReference; lastKnownFileType = sourcecode.swift; path = Penny_Ops_2Tests.swift; sourceTree = "<group>"; };
		C4A7B82B241D653A0046AD3C /* Info.plist */ = {isa = PBXFileReference; lastKnownFileType = text.plist.xml; path = Info.plist; sourceTree = "<group>"; };
		C4A7B830241D653A0046AD3C /* Penny Ops 2UITests.xctest */ = {isa = PBXFileReference; explicitFileType = wrapper.cfbundle; includeInIndex = 0; path = "Penny Ops 2UITests.xctest"; sourceTree = BUILT_PRODUCTS_DIR; };
		C4A7B834241D653A0046AD3C /* Penny_Ops_2UITests.swift */ = {isa = PBXFileReference; lastKnownFileType = sourcecode.swift; path = Penny_Ops_2UITests.swift; sourceTree = "<group>"; };
		C4A7B836241D653A0046AD3C /* Info.plist */ = {isa = PBXFileReference; lastKnownFileType = text.plist.xml; path = Info.plist; sourceTree = "<group>"; };
		C4A7B842241D6A640046AD3C /* FeedModel.swift */ = {isa = PBXFileReference; lastKnownFileType = sourcecode.swift; path = FeedModel.swift; sourceTree = "<group>"; };
		C4A7B844241D6A7F0046AD3C /* StockModel.swift */ = {isa = PBXFileReference; lastKnownFileType = sourcecode.swift; path = StockModel.swift; sourceTree = "<group>"; };
		C4F3879A2422D41000264454 /* SubclassUICollectionViewLayout.swift */ = {isa = PBXFileReference; lastKnownFileType = sourcecode.swift; path = SubclassUICollectionViewLayout.swift; sourceTree = "<group>"; };
		E226E483FF1BEB72B17227B7 /* Pods-Penny Ops 2Tests.release.xcconfig */ = {isa = PBXFileReference; includeInIndex = 1; lastKnownFileType = text.xcconfig; name = "Pods-Penny Ops 2Tests.release.xcconfig"; path = "Pods/Target Support Files/Pods-Penny Ops 2Tests/Pods-Penny Ops 2Tests.release.xcconfig"; sourceTree = "<group>"; };
		EB280E37FD29B853CA9AEB47 /* Pods_Penny_Ops_2Tests.framework */ = {isa = PBXFileReference; explicitFileType = wrapper.framework; includeInIndex = 0; path = Pods_Penny_Ops_2Tests.framework; sourceTree = BUILT_PRODUCTS_DIR; };
		FC69C31BB3A799061D4A1AF8 /* Pods-Penny Ops 2.debug.xcconfig */ = {isa = PBXFileReference; includeInIndex = 1; lastKnownFileType = text.xcconfig; name = "Pods-Penny Ops 2.debug.xcconfig"; path = "Pods/Target Support Files/Pods-Penny Ops 2/Pods-Penny Ops 2.debug.xcconfig"; sourceTree = "<group>"; };
/* End PBXFileReference section */

/* Begin PBXFrameworksBuildPhase section */
		C4A7B80E241D653A0046AD3C /* Frameworks */ = {
			isa = PBXFrameworksBuildPhase;
			buildActionMask = 2147483647;
			files = (
				64CEF1672C5558BE403A87A0 /* Pods_Penny_Ops_2.framework in Frameworks */,
			);
			runOnlyForDeploymentPostprocessing = 0;
		};
		C4A7B822241D653A0046AD3C /* Frameworks */ = {
			isa = PBXFrameworksBuildPhase;
			buildActionMask = 2147483647;
			files = (
				206C55C8A136D28CEF6A61BE /* Pods_Penny_Ops_2Tests.framework in Frameworks */,
			);
			runOnlyForDeploymentPostprocessing = 0;
		};
		C4A7B82D241D653A0046AD3C /* Frameworks */ = {
			isa = PBXFrameworksBuildPhase;
			buildActionMask = 2147483647;
			files = (
				E695447FA3983F9F2A31575F /* Pods_Penny_Ops_2UITests.framework in Frameworks */,
			);
			runOnlyForDeploymentPostprocessing = 0;
		};
/* End PBXFrameworksBuildPhase section */

/* Begin PBXGroup section */
		C4A7B808241D653A0046AD3C = {
			isa = PBXGroup;
			children = (
				C4A7B813241D653A0046AD3C /* Penny Ops 2 */,
				C4A7B828241D653A0046AD3C /* Penny Ops 2Tests */,
				C4A7B833241D653A0046AD3C /* Penny Ops 2UITests */,
				C4A7B812241D653A0046AD3C /* Products */,
				E4D034BB113F5695F553CEB9 /* Pods */,
				F6F5100BA8FDD445AF315928 /* Frameworks */,
			);
			sourceTree = "<group>";
		};
		C4A7B812241D653A0046AD3C /* Products */ = {
			isa = PBXGroup;
			children = (
				C4A7B811241D653A0046AD3C /* Penny Ops 2.app */,
				C4A7B825241D653A0046AD3C /* Penny Ops 2Tests.xctest */,
				C4A7B830241D653A0046AD3C /* Penny Ops 2UITests.xctest */,
			);
			name = Products;
			sourceTree = "<group>";
		};
		C4A7B813241D653A0046AD3C /* Penny Ops 2 */ = {
			isa = PBXGroup;
			children = (
				C451AB49243620F2002C67F9 /* FilterPopupViewController.swift */,
				C4A7B814241D653A0046AD3C /* AppDelegate.swift */,
				C4A7B816241D653A0046AD3C /* ViewController.swift */,
				C4A7B818241D653A0046AD3C /* Main.storyboard */,
				C4A7B81B241D653A0046AD3C /* Assets.xcassets */,
				C4A7B81D241D653A0046AD3C /* LaunchScreen.storyboard */,
				C4987BC82426CF9C002262EB /* data.tsv */,
				C4987BCA2426CFC7002262EB /* Cells.swift */,
				C4A7B820241D653A0046AD3C /* Info.plist */,
				C4A7B842241D6A640046AD3C /* FeedModel.swift */,
				C4A7B844241D6A7F0046AD3C /* StockModel.swift */,
				C4F3879A2422D41000264454 /* SubclassUICollectionViewLayout.swift */,
				C451AB4B2436ED6B002C67F9 /* NotificationNameExtension.swift */,
				C46B2EDD243BCDD200D7BD46 /* v19-pla-29-mockups.jpg */,
			);
			path = "Penny Ops 2";
			sourceTree = "<group>";
		};
		C4A7B828241D653A0046AD3C /* Penny Ops 2Tests */ = {
			isa = PBXGroup;
			children = (
				C4A7B829241D653A0046AD3C /* Penny_Ops_2Tests.swift */,
				C4A7B82B241D653A0046AD3C /* Info.plist */,
			);
			path = "Penny Ops 2Tests";
			sourceTree = "<group>";
		};
		C4A7B833241D653A0046AD3C /* Penny Ops 2UITests */ = {
			isa = PBXGroup;
			children = (
				C4A7B834241D653A0046AD3C /* Penny_Ops_2UITests.swift */,
				C4A7B836241D653A0046AD3C /* Info.plist */,
			);
			path = "Penny Ops 2UITests";
			sourceTree = "<group>";
		};
		E4D034BB113F5695F553CEB9 /* Pods */ = {
			isa = PBXGroup;
			children = (
				FC69C31BB3A799061D4A1AF8 /* Pods-Penny Ops 2.debug.xcconfig */,
				55180B5F6155EB745D6E0A8B /* Pods-Penny Ops 2.release.xcconfig */,
				5DFB2C7921D60BE92BBE458A /* Pods-Penny Ops 2Tests.debug.xcconfig */,
				E226E483FF1BEB72B17227B7 /* Pods-Penny Ops 2Tests.release.xcconfig */,
				680405A6EA4376A921E39FC5 /* Pods-Penny Ops 2UITests.debug.xcconfig */,
				7C869CF4F065C194CD31C35A /* Pods-Penny Ops 2UITests.release.xcconfig */,
			);
			name = Pods;
			sourceTree = "<group>";
		};
		F6F5100BA8FDD445AF315928 /* Frameworks */ = {
			isa = PBXGroup;
			children = (
				5896A9173F5E181E469DF426 /* Pods_Penny_Ops_2.framework */,
				EB280E37FD29B853CA9AEB47 /* Pods_Penny_Ops_2Tests.framework */,
				B4DE5328BE0D99D06E6D71FB /* Pods_Penny_Ops_2UITests.framework */,
			);
			name = Frameworks;
			sourceTree = "<group>";
		};
/* End PBXGroup section */

/* Begin PBXNativeTarget section */
		C4A7B810241D653A0046AD3C /* Penny Ops 2 */ = {
			isa = PBXNativeTarget;
			buildConfigurationList = C4A7B839241D653A0046AD3C /* Build configuration list for PBXNativeTarget "Penny Ops 2" */;
			buildPhases = (
				E10C19C0C794947118E206E1 /* [CP] Check Pods Manifest.lock */,
				C4A7B80D241D653A0046AD3C /* Sources */,
				C4A7B80E241D653A0046AD3C /* Frameworks */,
				C4A7B80F241D653A0046AD3C /* Resources */,
				4B092584DD90051D4FC2146B /* [CP] Embed Pods Frameworks */,
				4C7D74434E2DFD3844DE366B /* [CP] Copy Pods Resources */,
			);
			buildRules = (
			);
			dependencies = (
			);
			name = "Penny Ops 2";
			productName = "Penny Ops 2";
			productReference = C4A7B811241D653A0046AD3C /* Penny Ops 2.app */;
			productType = "com.apple.product-type.application";
		};
		C4A7B824241D653A0046AD3C /* Penny Ops 2Tests */ = {
			isa = PBXNativeTarget;
			buildConfigurationList = C4A7B83C241D653A0046AD3C /* Build configuration list for PBXNativeTarget "Penny Ops 2Tests" */;
			buildPhases = (
				04BA2B80266305F3981D009F /* [CP] Check Pods Manifest.lock */,
				C4A7B821241D653A0046AD3C /* Sources */,
				C4A7B822241D653A0046AD3C /* Frameworks */,
				C4A7B823241D653A0046AD3C /* Resources */,
				5ADF100B5E515CB7310B54E7 /* [CP] Embed Pods Frameworks */,
				64F7CA4EE8EA04861F55068A /* [CP] Copy Pods Resources */,
			);
			buildRules = (
			);
			dependencies = (
				C4A7B827241D653A0046AD3C /* PBXTargetDependency */,
			);
			name = "Penny Ops 2Tests";
			productName = "Penny Ops 2Tests";
			productReference = C4A7B825241D653A0046AD3C /* Penny Ops 2Tests.xctest */;
			productType = "com.apple.product-type.bundle.unit-test";
		};
		C4A7B82F241D653A0046AD3C /* Penny Ops 2UITests */ = {
			isa = PBXNativeTarget;
			buildConfigurationList = C4A7B83F241D653A0046AD3C /* Build configuration list for PBXNativeTarget "Penny Ops 2UITests" */;
			buildPhases = (
				7A8FCC0ED5284914828DCDA2 /* [CP] Check Pods Manifest.lock */,
				C4A7B82C241D653A0046AD3C /* Sources */,
				C4A7B82D241D653A0046AD3C /* Frameworks */,
				C4A7B82E241D653A0046AD3C /* Resources */,
				7FD1D258E61DFAFF186569A9 /* [CP] Embed Pods Frameworks */,
				B127B4C9B201F8C21F8F392B /* [CP] Copy Pods Resources */,
			);
			buildRules = (
			);
			dependencies = (
				C4A7B832241D653A0046AD3C /* PBXTargetDependency */,
			);
			name = "Penny Ops 2UITests";
			productName = "Penny Ops 2UITests";
			productReference = C4A7B830241D653A0046AD3C /* Penny Ops 2UITests.xctest */;
			productType = "com.apple.product-type.bundle.ui-testing";
		};
/* End PBXNativeTarget section */

/* Begin PBXProject section */
		C4A7B809241D653A0046AD3C /* Project object */ = {
			isa = PBXProject;
			attributes = {
				LastSwiftUpdateCheck = 0920;
				LastUpgradeCheck = 0920;
				ORGANIZATIONNAME = "Joe Satow";
				TargetAttributes = {
					C4A7B810241D653A0046AD3C = {
						CreatedOnToolsVersion = 9.2;
						ProvisioningStyle = Automatic;
					};
					C4A7B824241D653A0046AD3C = {
						CreatedOnToolsVersion = 9.2;
						ProvisioningStyle = Automatic;
						TestTargetID = C4A7B810241D653A0046AD3C;
					};
					C4A7B82F241D653A0046AD3C = {
						CreatedOnToolsVersion = 9.2;
						ProvisioningStyle = Automatic;
						TestTargetID = C4A7B810241D653A0046AD3C;
					};
				};
			};
			buildConfigurationList = C4A7B80C241D653A0046AD3C /* Build configuration list for PBXProject "Penny Ops 2" */;
			compatibilityVersion = "Xcode 8.0";
			developmentRegion = en;
			hasScannedForEncodings = 0;
			knownRegions = (
				en,
				Base,
			);
			mainGroup = C4A7B808241D653A0046AD3C;
			productRefGroup = C4A7B812241D653A0046AD3C /* Products */;
			projectDirPath = "";
			projectRoot = "";
			targets = (
				C4A7B810241D653A0046AD3C /* Penny Ops 2 */,
				C4A7B824241D653A0046AD3C /* Penny Ops 2Tests */,
				C4A7B82F241D653A0046AD3C /* Penny Ops 2UITests */,
			);
		};
/* End PBXProject section */

/* Begin PBXResourcesBuildPhase section */
		C4A7B80F241D653A0046AD3C /* Resources */ = {
			isa = PBXResourcesBuildPhase;
			buildActionMask = 2147483647;
			files = (
				C4A7B81F241D653A0046AD3C /* LaunchScreen.storyboard in Resources */,
				C4987BC92426CF9C002262EB /* data.tsv in Resources */,
				C46B2EDE243BCDD200D7BD46 /* v19-pla-29-mockups.jpg in Resources */,
				C4A7B81C241D653A0046AD3C /* Assets.xcassets in Resources */,
				C4A7B81A241D653A0046AD3C /* Main.storyboard in Resources */,
			);
			runOnlyForDeploymentPostprocessing = 0;
		};
		C4A7B823241D653A0046AD3C /* Resources */ = {
			isa = PBXResourcesBuildPhase;
			buildActionMask = 2147483647;
			files = (
			);
			runOnlyForDeploymentPostprocessing = 0;
		};
		C4A7B82E241D653A0046AD3C /* Resources */ = {
			isa = PBXResourcesBuildPhase;
			buildActionMask = 2147483647;
			files = (
			);
			runOnlyForDeploymentPostprocessing = 0;
		};
/* End PBXResourcesBuildPhase section */

/* Begin PBXShellScriptBuildPhase section */
		04BA2B80266305F3981D009F /* [CP] Check Pods Manifest.lock */ = {
			isa = PBXShellScriptBuildPhase;
			buildActionMask = 2147483647;
			files = (
			);
			inputPaths = (
			);
			name = "[CP] Check Pods Manifest.lock";
			outputPaths = (
			);
			runOnlyForDeploymentPostprocessing = 0;
			shellPath = /bin/sh;
			shellScript = "diff \"${PODS_ROOT}/../Podfile.lock\" \"${PODS_ROOT}/Manifest.lock\" > /dev/null\nif [ $? != 0 ] ; then\n    # print error to STDERR\n    echo \"error: The sandbox is not in sync with the Podfile.lock. Run 'pod install' or update your CocoaPods installation.\" >&2\n    exit 1\nfi\n";
			showEnvVarsInLog = 0;
		};
		4B092584DD90051D4FC2146B /* [CP] Embed Pods Frameworks */ = {
			isa = PBXShellScriptBuildPhase;
			buildActionMask = 2147483647;
			files = (
			);
			inputPaths = (
			);
			name = "[CP] Embed Pods Frameworks";
			outputPaths = (
			);
			runOnlyForDeploymentPostprocessing = 0;
			shellPath = /bin/sh;
			shellScript = "\"${SRCROOT}/Pods/Target Support Files/Pods-Penny Ops 2/Pods-Penny Ops 2-frameworks.sh\"\n";
			showEnvVarsInLog = 0;
		};
		4C7D74434E2DFD3844DE366B /* [CP] Copy Pods Resources */ = {
			isa = PBXShellScriptBuildPhase;
			buildActionMask = 2147483647;
			files = (
			);
			inputPaths = (
			);
			name = "[CP] Copy Pods Resources";
			outputPaths = (
			);
			runOnlyForDeploymentPostprocessing = 0;
			shellPath = /bin/sh;
			shellScript = "\"${SRCROOT}/Pods/Target Support Files/Pods-Penny Ops 2/Pods-Penny Ops 2-resources.sh\"\n";
			showEnvVarsInLog = 0;
		};
		5ADF100B5E515CB7310B54E7 /* [CP] Embed Pods Frameworks */ = {
			isa = PBXShellScriptBuildPhase;
			buildActionMask = 2147483647;
			files = (
			);
			inputPaths = (
			);
			name = "[CP] Embed Pods Frameworks";
			outputPaths = (
			);
			runOnlyForDeploymentPostprocessing = 0;
			shellPath = /bin/sh;
			shellScript = "\"${SRCROOT}/Pods/Target Support Files/Pods-Penny Ops 2Tests/Pods-Penny Ops 2Tests-frameworks.sh\"\n";
			showEnvVarsInLog = 0;
		};
		64F7CA4EE8EA04861F55068A /* [CP] Copy Pods Resources */ = {
			isa = PBXShellScriptBuildPhase;
			buildActionMask = 2147483647;
			files = (
			);
			inputPaths = (
			);
			name = "[CP] Copy Pods Resources";
			outputPaths = (
			);
			runOnlyForDeploymentPostprocessing = 0;
			shellPath = /bin/sh;
			shellScript = "\"${SRCROOT}/Pods/Target Support Files/Pods-Penny Ops 2Tests/Pods-Penny Ops 2Tests-resources.sh\"\n";
			showEnvVarsInLog = 0;
		};
		7A8FCC0ED5284914828DCDA2 /* [CP] Check Pods Manifest.lock */ = {
			isa = PBXShellScriptBuildPhase;
			buildActionMask = 2147483647;
			files = (
			);
			inputPaths = (
			);
			name = "[CP] Check Pods Manifest.lock";
			outputPaths = (
			);
			runOnlyForDeploymentPostprocessing = 0;
			shellPath = /bin/sh;
			shellScript = "diff \"${PODS_ROOT}/../Podfile.lock\" \"${PODS_ROOT}/Manifest.lock\" > /dev/null\nif [ $? != 0 ] ; then\n    # print error to STDERR\n    echo \"error: The sandbox is not in sync with the Podfile.lock. Run 'pod install' or update your CocoaPods installation.\" >&2\n    exit 1\nfi\n";
			showEnvVarsInLog = 0;
		};
		7FD1D258E61DFAFF186569A9 /* [CP] Embed Pods Frameworks */ = {
			isa = PBXShellScriptBuildPhase;
			buildActionMask = 2147483647;
			files = (
			);
			inputPaths = (
			);
			name = "[CP] Embed Pods Frameworks";
			outputPaths = (
			);
			runOnlyForDeploymentPostprocessing = 0;
			shellPath = /bin/sh;
			shellScript = "\"${SRCROOT}/Pods/Target Support Files/Pods-Penny Ops 2UITests/Pods-Penny Ops 2UITests-frameworks.sh\"\n";
			showEnvVarsInLog = 0;
		};
		B127B4C9B201F8C21F8F392B /* [CP] Copy Pods Resources */ = {
			isa = PBXShellScriptBuildPhase;
			buildActionMask = 2147483647;
			files = (
			);
			inputPaths = (
			);
			name = "[CP] Copy Pods Resources";
			outputPaths = (
			);
			runOnlyForDeploymentPostprocessing = 0;
			shellPath = /bin/sh;
			shellScript = "\"${SRCROOT}/Pods/Target Support Files/Pods-Penny Ops 2UITests/Pods-Penny Ops 2UITests-resources.sh\"\n";
			showEnvVarsInLog = 0;
		};
		E10C19C0C794947118E206E1 /* [CP] Check Pods Manifest.lock */ = {
			isa = PBXShellScriptBuildPhase;
			buildActionMask = 2147483647;
			files = (
			);
			inputPaths = (
			);
			name = "[CP] Check Pods Manifest.lock";
			outputPaths = (
			);
			runOnlyForDeploymentPostprocessing = 0;
			shellPath = /bin/sh;
			shellScript = "diff \"${PODS_ROOT}/../Podfile.lock\" \"${PODS_ROOT}/Manifest.lock\" > /dev/null\nif [ $? != 0 ] ; then\n    # print error to STDERR\n    echo \"error: The sandbox is not in sync with the Podfile.lock. Run 'pod install' or update your CocoaPods installation.\" >&2\n    exit 1\nfi\n";
			showEnvVarsInLog = 0;
		};
/* End PBXShellScriptBuildPhase section */

/* Begin PBXSourcesBuildPhase section */
		C4A7B80D241D653A0046AD3C /* Sources */ = {
			isa = PBXSourcesBuildPhase;
			buildActionMask = 2147483647;
			files = (
				C4F3879B2422D41000264454 /* SubclassUICollectionViewLayout.swift in Sources */,
				C4987BCB2426CFC7002262EB /* Cells.swift in Sources */,
				C4A7B845241D6A7F0046AD3C /* StockModel.swift in Sources */,
				C4A7B817241D653A0046AD3C /* ViewController.swift in Sources */,
				C451AB4A243620F2002C67F9 /* FilterPopupViewController.swift in Sources */,
				C4A7B843241D6A640046AD3C /* FeedModel.swift in Sources */,
				C4A7B815241D653A0046AD3C /* AppDelegate.swift in Sources */,
				C451AB4C2436ED6B002C67F9 /* NotificationNameExtension.swift in Sources */,
			);
			runOnlyForDeploymentPostprocessing = 0;
		};
		C4A7B821241D653A0046AD3C /* Sources */ = {
			isa = PBXSourcesBuildPhase;
			buildActionMask = 2147483647;
			files = (
				C4A7B82A241D653A0046AD3C /* Penny_Ops_2Tests.swift in Sources */,
			);
			runOnlyForDeploymentPostprocessing = 0;
		};
		C4A7B82C241D653A0046AD3C /* Sources */ = {
			isa = PBXSourcesBuildPhase;
			buildActionMask = 2147483647;
			files = (
				C4A7B835241D653A0046AD3C /* Penny_Ops_2UITests.swift in Sources */,
			);
			runOnlyForDeploymentPostprocessing = 0;
		};
/* End PBXSourcesBuildPhase section */

/* Begin PBXTargetDependency section */
		C4A7B827241D653A0046AD3C /* PBXTargetDependency */ = {
			isa = PBXTargetDependency;
			target = C4A7B810241D653A0046AD3C /* Penny Ops 2 */;
			targetProxy = C4A7B826241D653A0046AD3C /* PBXContainerItemProxy */;
		};
		C4A7B832241D653A0046AD3C /* PBXTargetDependency */ = {
			isa = PBXTargetDependency;
			target = C4A7B810241D653A0046AD3C /* Penny Ops 2 */;
			targetProxy = C4A7B831241D653A0046AD3C /* PBXContainerItemProxy */;
		};
/* End PBXTargetDependency section */

/* Begin PBXVariantGroup section */
		C4A7B818241D653A0046AD3C /* Main.storyboard */ = {
			isa = PBXVariantGroup;
			children = (
				C4A7B819241D653A0046AD3C /* Base */,
			);
			name = Main.storyboard;
			sourceTree = "<group>";
		};
		C4A7B81D241D653A0046AD3C /* LaunchScreen.storyboard */ = {
			isa = PBXVariantGroup;
			children = (
				C4A7B81E241D653A0046AD3C /* Base */,
			);
			name = LaunchScreen.storyboard;
			sourceTree = "<group>";
		};
/* End PBXVariantGroup section */

/* Begin XCBuildConfiguration section */
		C4A7B837241D653A0046AD3C /* Debug */ = {
			isa = XCBuildConfiguration;
			buildSettings = {
				ALWAYS_SEARCH_USER_PATHS = NO;
				CLANG_ANALYZER_NONNULL = YES;
				CLANG_ANALYZER_NUMBER_OBJECT_CONVERSION = YES_AGGRESSIVE;
				CLANG_CXX_LANGUAGE_STANDARD = "gnu++14";
				CLANG_CXX_LIBRARY = "libc++";
				CLANG_ENABLE_MODULES = YES;
				CLANG_ENABLE_OBJC_ARC = YES;
				CLANG_WARN_BLOCK_CAPTURE_AUTORELEASING = YES;
				CLANG_WARN_BOOL_CONVERSION = YES;
				CLANG_WARN_COMMA = YES;
				CLANG_WARN_CONSTANT_CONVERSION = YES;
				CLANG_WARN_DIRECT_OBJC_ISA_USAGE = YES_ERROR;
				CLANG_WARN_DOCUMENTATION_COMMENTS = YES;
				CLANG_WARN_EMPTY_BODY = YES;
				CLANG_WARN_ENUM_CONVERSION = YES;
				CLANG_WARN_INFINITE_RECURSION = YES;
				CLANG_WARN_INT_CONVERSION = YES;
				CLANG_WARN_NON_LITERAL_NULL_CONVERSION = YES;
				CLANG_WARN_OBJC_LITERAL_CONVERSION = YES;
				CLANG_WARN_OBJC_ROOT_CLASS = YES_ERROR;
				CLANG_WARN_RANGE_LOOP_ANALYSIS = YES;
				CLANG_WARN_STRICT_PROTOTYPES = YES;
				CLANG_WARN_SUSPICIOUS_MOVE = YES;
				CLANG_WARN_UNGUARDED_AVAILABILITY = YES_AGGRESSIVE;
				CLANG_WARN_UNREACHABLE_CODE = YES;
				CLANG_WARN__DUPLICATE_METHOD_MATCH = YES;
				CODE_SIGN_IDENTITY = "iPhone Developer";
				COPY_PHASE_STRIP = NO;
				DEBUG_INFORMATION_FORMAT = dwarf;
				ENABLE_STRICT_OBJC_MSGSEND = YES;
				ENABLE_TESTABILITY = YES;
				GCC_C_LANGUAGE_STANDARD = gnu11;
				GCC_DYNAMIC_NO_PIC = NO;
				GCC_NO_COMMON_BLOCKS = YES;
				GCC_OPTIMIZATION_LEVEL = 0;
				GCC_PREPROCESSOR_DEFINITIONS = (
					"DEBUG=1",
					"$(inherited)",
				);
				GCC_WARN_64_TO_32_BIT_CONVERSION = YES;
				GCC_WARN_ABOUT_RETURN_TYPE = YES_ERROR;
				GCC_WARN_UNDECLARED_SELECTOR = YES;
				GCC_WARN_UNINITIALIZED_AUTOS = YES_AGGRESSIVE;
				GCC_WARN_UNUSED_FUNCTION = YES;
				GCC_WARN_UNUSED_VARIABLE = YES;
				IPHONEOS_DEPLOYMENT_TARGET = 11.2;
				MTL_ENABLE_DEBUG_INFO = YES;
				ONLY_ACTIVE_ARCH = YES;
				SDKROOT = iphoneos;
				SWIFT_ACTIVE_COMPILATION_CONDITIONS = DEBUG;
				SWIFT_OPTIMIZATION_LEVEL = "-Onone";
			};
			name = Debug;
		};
		C4A7B838241D653A0046AD3C /* Release */ = {
			isa = XCBuildConfiguration;
			buildSettings = {
				ALWAYS_SEARCH_USER_PATHS = NO;
				CLANG_ANALYZER_NONNULL = YES;
				CLANG_ANALYZER_NUMBER_OBJECT_CONVERSION = YES_AGGRESSIVE;
				CLANG_CXX_LANGUAGE_STANDARD = "gnu++14";
				CLANG_CXX_LIBRARY = "libc++";
				CLANG_ENABLE_MODULES = YES;
				CLANG_ENABLE_OBJC_ARC = YES;
				CLANG_WARN_BLOCK_CAPTURE_AUTORELEASING = YES;
				CLANG_WARN_BOOL_CONVERSION = YES;
				CLANG_WARN_COMMA = YES;
				CLANG_WARN_CONSTANT_CONVERSION = YES;
				CLANG_WARN_DIRECT_OBJC_ISA_USAGE = YES_ERROR;
				CLANG_WARN_DOCUMENTATION_COMMENTS = YES;
				CLANG_WARN_EMPTY_BODY = YES;
				CLANG_WARN_ENUM_CONVERSION = YES;
				CLANG_WARN_INFINITE_RECURSION = YES;
				CLANG_WARN_INT_CONVERSION = YES;
				CLANG_WARN_NON_LITERAL_NULL_CONVERSION = YES;
				CLANG_WARN_OBJC_LITERAL_CONVERSION = YES;
				CLANG_WARN_OBJC_ROOT_CLASS = YES_ERROR;
				CLANG_WARN_RANGE_LOOP_ANALYSIS = YES;
				CLANG_WARN_STRICT_PROTOTYPES = YES;
				CLANG_WARN_SUSPICIOUS_MOVE = YES;
				CLANG_WARN_UNGUARDED_AVAILABILITY = YES_AGGRESSIVE;
				CLANG_WARN_UNREACHABLE_CODE = YES;
				CLANG_WARN__DUPLICATE_METHOD_MATCH = YES;
				CODE_SIGN_IDENTITY = "iPhone Developer";
				COPY_PHASE_STRIP = NO;
				DEBUG_INFORMATION_FORMAT = "dwarf-with-dsym";
				ENABLE_NS_ASSERTIONS = NO;
				ENABLE_STRICT_OBJC_MSGSEND = YES;
				GCC_C_LANGUAGE_STANDARD = gnu11;
				GCC_NO_COMMON_BLOCKS = YES;
				GCC_WARN_64_TO_32_BIT_CONVERSION = YES;
				GCC_WARN_ABOUT_RETURN_TYPE = YES_ERROR;
				GCC_WARN_UNDECLARED_SELECTOR = YES;
				GCC_WARN_UNINITIALIZED_AUTOS = YES_AGGRESSIVE;
				GCC_WARN_UNUSED_FUNCTION = YES;
				GCC_WARN_UNUSED_VARIABLE = YES;
				IPHONEOS_DEPLOYMENT_TARGET = 11.2;
				MTL_ENABLE_DEBUG_INFO = NO;
				SDKROOT = iphoneos;
				SWIFT_OPTIMIZATION_LEVEL = "-Owholemodule";
				VALIDATE_PRODUCT = YES;
			};
			name = Release;
		};
		C4A7B83A241D653A0046AD3C /* Debug */ = {
			isa = XCBuildConfiguration;
			baseConfigurationReference = FC69C31BB3A799061D4A1AF8 /* Pods-Penny Ops 2.debug.xcconfig */;
			buildSettings = {
				ASSETCATALOG_COMPILER_APPICON_NAME = AppIcon;
				CODE_SIGN_STYLE = Automatic;
				DEVELOPMENT_TEAM = P4VVFWJ9C5;
				INFOPLIST_FILE = "Penny Ops 2/Info.plist";
				LD_RUNPATH_SEARCH_PATHS = "$(inherited) @executable_path/Frameworks";
				PRODUCT_BUNDLE_IDENTIFIER = "joe.1.Penny-Ops-2";
				PRODUCT_NAME = "$(TARGET_NAME)";
				SWIFT_VERSION = 4.0;
				TARGETED_DEVICE_FAMILY = "1,2";
				VALID_ARCHS = "arm64 armv7 armv7s";
			};
			name = Debug;
		};
		C4A7B83B241D653A0046AD3C /* Release */ = {
			isa = XCBuildConfiguration;
			baseConfigurationReference = 55180B5F6155EB745D6E0A8B /* Pods-Penny Ops 2.release.xcconfig */;
			buildSettings = {
				ASSETCATALOG_COMPILER_APPICON_NAME = AppIcon;
				CODE_SIGN_STYLE = Automatic;
				DEVELOPMENT_TEAM = P4VVFWJ9C5;
				INFOPLIST_FILE = "Penny Ops 2/Info.plist";
				LD_RUNPATH_SEARCH_PATHS = "$(inherited) @executable_path/Frameworks";
				PRODUCT_BUNDLE_IDENTIFIER = "joe.1.Penny-Ops-2";
				PRODUCT_NAME = "$(TARGET_NAME)";
				SWIFT_VERSION = 4.0;
				TARGETED_DEVICE_FAMILY = "1,2";
				VALID_ARCHS = "arm64 armv7 armv7s";
			};
			name = Release;
		};
		C4A7B83D241D653A0046AD3C /* Debug */ = {
			isa = XCBuildConfiguration;
			baseConfigurationReference = 5DFB2C7921D60BE92BBE458A /* Pods-Penny Ops 2Tests.debug.xcconfig */;
			buildSettings = {
				ALWAYS_EMBED_SWIFT_STANDARD_LIBRARIES = YES;
				BUNDLE_LOADER = "$(TEST_HOST)";
				CODE_SIGN_STYLE = Automatic;
				DEVELOPMENT_TEAM = P4VVFWJ9C5;
				INFOPLIST_FILE = "Penny Ops 2Tests/Info.plist";
				LD_RUNPATH_SEARCH_PATHS = "$(inherited) @executable_path/Frameworks @loader_path/Frameworks";
				PRODUCT_BUNDLE_IDENTIFIER = "joe.1.Penny-Ops-2Tests";
				PRODUCT_NAME = "$(TARGET_NAME)";
				SWIFT_VERSION = 4.0;
				TARGETED_DEVICE_FAMILY = "1,2";
				TEST_HOST = "$(BUILT_PRODUCTS_DIR)/Penny Ops 2.app/Penny Ops 2";
			};
			name = Debug;
		};
		C4A7B83E241D653A0046AD3C /* Release */ = {
			isa = XCBuildConfiguration;
			baseConfigurationReference = E226E483FF1BEB72B17227B7 /* Pods-Penny Ops 2Tests.release.xcconfig */;
			buildSettings = {
				ALWAYS_EMBED_SWIFT_STANDARD_LIBRARIES = YES;
				BUNDLE_LOADER = "$(TEST_HOST)";
				CODE_SIGN_STYLE = Automatic;
				DEVELOPMENT_TEAM = P4VVFWJ9C5;
				INFOPLIST_FILE = "Penny Ops 2Tests/Info.plist";
				LD_RUNPATH_SEARCH_PATHS = "$(inherited) @executable_path/Frameworks @loader_path/Frameworks";
				PRODUCT_BUNDLE_IDENTIFIER = "joe.1.Penny-Ops-2Tests";
				PRODUCT_NAME = "$(TARGET_NAME)";
				SWIFT_VERSION = 4.0;
				TARGETED_DEVICE_FAMILY = "1,2";
				TEST_HOST = "$(BUILT_PRODUCTS_DIR)/Penny Ops 2.app/Penny Ops 2";
			};
			name = Release;
		};
		C4A7B840241D653A0046AD3C /* Debug */ = {
			isa = XCBuildConfiguration;
			baseConfigurationReference = 680405A6EA4376A921E39FC5 /* Pods-Penny Ops 2UITests.debug.xcconfig */;
			buildSettings = {
				ALWAYS_EMBED_SWIFT_STANDARD_LIBRARIES = YES;
				CODE_SIGN_STYLE = Automatic;
				DEVELOPMENT_TEAM = P4VVFWJ9C5;
				INFOPLIST_FILE = "Penny Ops 2UITests/Info.plist";
				LD_RUNPATH_SEARCH_PATHS = "$(inherited) @executable_path/Frameworks @loader_path/Frameworks";
				PRODUCT_BUNDLE_IDENTIFIER = "joe.1.Penny-Ops-2UITests";
				PRODUCT_NAME = "$(TARGET_NAME)";
				SWIFT_VERSION = 4.0;
				TARGETED_DEVICE_FAMILY = "1,2";
				TEST_TARGET_NAME = "Penny Ops 2";
			};
			name = Debug;
		};
		C4A7B841241D653A0046AD3C /* Release */ = {
			isa = XCBuildConfiguration;
			baseConfigurationReference = 7C869CF4F065C194CD31C35A /* Pods-Penny Ops 2UITests.release.xcconfig */;
			buildSettings = {
				ALWAYS_EMBED_SWIFT_STANDARD_LIBRARIES = YES;
				CODE_SIGN_STYLE = Automatic;
				DEVELOPMENT_TEAM = P4VVFWJ9C5;
				INFOPLIST_FILE = "Penny Ops 2UITests/Info.plist";
				LD_RUNPATH_SEARCH_PATHS = "$(inherited) @executable_path/Frameworks @loader_path/Frameworks";
				PRODUCT_BUNDLE_IDENTIFIER = "joe.1.Penny-Ops-2UITests";
				PRODUCT_NAME = "$(TARGET_NAME)";
				SWIFT_VERSION = 4.0;
				TARGETED_DEVICE_FAMILY = "1,2";
				TEST_TARGET_NAME = "Penny Ops 2";
			};
			name = Release;
		};
/* End XCBuildConfiguration section */

/* Begin XCConfigurationList section */
		C4A7B80C241D653A0046AD3C /* Build configuration list for PBXProject "Penny Ops 2" */ = {
			isa = XCConfigurationList;
			buildConfigurations = (
				C4A7B837241D653A0046AD3C /* Debug */,
				C4A7B838241D653A0046AD3C /* Release */,
			);
			defaultConfigurationIsVisible = 0;
			defaultConfigurationName = Release;
		};
		C4A7B839241D653A0046AD3C /* Build configuration list for PBXNativeTarget "Penny Ops 2" */ = {
			isa = XCConfigurationList;
			buildConfigurations = (
				C4A7B83A241D653A0046AD3C /* Debug */,
				C4A7B83B241D653A0046AD3C /* Release */,
			);
			defaultConfigurationIsVisible = 0;
			defaultConfigurationName = Release;
		};
		C4A7B83C241D653A0046AD3C /* Build configuration list for PBXNativeTarget "Penny Ops 2Tests" */ = {
			isa = XCConfigurationList;
			buildConfigurations = (
				C4A7B83D241D653A0046AD3C /* Debug */,
				C4A7B83E241D653A0046AD3C /* Release */,
			);
			defaultConfigurationIsVisible = 0;
			defaultConfigurationName = Release;
		};
		C4A7B83F241D653A0046AD3C /* Build configuration list for PBXNativeTarget "Penny Ops 2UITests" */ = {
			isa = XCConfigurationList;
			buildConfigurations = (
				C4A7B840241D653A0046AD3C /* Debug */,
				C4A7B841241D653A0046AD3C /* Release */,
			);
			defaultConfigurationIsVisible = 0;
			defaultConfigurationName = Release;
		};
/* End XCConfigurationList section */
	};
	rootObject = C4A7B809241D653A0046AD3C /* Project object */;
}
